
Microsoft Visual Studio Solution File, Format Version 12.00
# Visual Studio Version 17
VisualStudioVersion = 17.5.33530.505
MinimumVisualStudioVersion = 10.0.40219.1
Project("{FAE04EC0-301F-11D3-BF4B-00C04F79EFBC}") = "OrderAPI", "OrderAPI\OrderAPI.csproj", "{34A43259-F65F-4DB4-AA28-1AC2470CCC91}"
EndProject
Project("{FAE04EC0-301F-11D3-BF4B-00C04F79EFBC}") = "StockAPI", "StockAPI\StockAPI.csproj", "{EB408E1E-758A-49CC-BDDE-2FB0E24AAD1A}"
EndProject
Project("{FAE04EC0-301F-11D3-BF4B-00C04F79EFBC}") = "PaymentAPI", "PaymentAPI\PaymentAPI.csproj", "{F66FBF63-18BF-46C3-876E-EF4F9D3A6E1D}"
EndProject
Project("{FAE04EC0-301F-11D3-BF4B-00C04F79EFBC}") = "SagaStateMachine.Service", "SagaStateMachine.Service\SagaStateMachine.Service.csproj", "{641E5B16-0046-4023-ADAF-B9A4881BC138}"
EndProject
Project("{FAE04EC0-301F-11D3-BF4B-00C04F79EFBC}") = "Shared", "Shared\Shared.csproj", "{271CBD8A-3105-44DF-9E32-A25CF861D904}"
EndProject
Global
	GlobalSection(SolutionConfigurationPlatforms) = preSolution
		Debug|Any CPU = Debug|Any CPU
		Release|Any CPU = Release|Any CPU
	EndGlobalSection
	GlobalSection(ProjectConfigurationPlatforms) = postSolution
		{34A43259-F65F-4DB4-AA28-1AC2470CCC91}.Debug|Any CPU.ActiveCfg = Debug|Any CPU
		{34A43259-F65F-4DB4-AA28-1AC2470CCC91}.Debug|Any CPU.Build.0 = Debug|Any CPU
		{34A43259-F65F-4DB4-AA28-1AC2470CCC91}.Release|Any CPU.ActiveCfg = Release|Any CPU
		{34A43259-F65F-4DB4-AA28-1AC2470CCC91}.Release|Any CPU.Build.0 = Release|Any CPU
		{EB408E1E-758A-49CC-BDDE-2FB0E24AAD1A}.Debug|Any CPU.ActiveCfg = Debug|Any CPU
		{EB408E1E-758A-49CC-BDDE-2FB0E24AAD1A}.Debug|Any CPU.Build.0 = Debug|Any CPU
		{EB408E1E-758A-49CC-BDDE-2FB0E24AAD1A}.Release|Any CPU.ActiveCfg = Release|Any CPU
		{EB408E1E-758A-49CC-BDDE-2FB0E24AAD1A}.Release|Any CPU.Build.0 = Release|Any CPU
		{F66FBF63-18BF-46C3-876E-EF4F9D3A6E1D}.Debug|Any CPU.ActiveCfg = Debug|Any CPU
		{F66FBF63-18BF-46C3-876E-EF4F9D3A6E1D}.Debug|Any CPU.Build.0 = Debug|Any CPU
		{F66FBF63-18BF-46C3-876E-EF4F9D3A6E1D}.Release|Any CPU.ActiveCfg = Release|Any CPU
		{F66FBF63-18BF-46C3-876E-EF4F9D3A6E1D}.Release|Any CPU.Build.0 = Release|Any CPU
		{641E5B16-0046-4023-ADAF-B9A4881BC138}.Debug|Any CPU.ActiveCfg = Debug|Any CPU
		{641E5B16-0046-4023-ADAF-B9A4881BC138}.Debug|Any CPU.Build.0 = Debug|Any CPU
		{641E5B16-0046-4023-ADAF-B9A4881BC138}.Release|Any CPU.ActiveCfg = Release|Any CPU
		{641E5B16-0046-4023-ADAF-B9A4881BC138}.Release|Any CPU.Build.0 = Release|Any CPU
		{271CBD8A-3105-44DF-9E32-A25CF861D904}.Debug|Any CPU.ActiveCfg = Debug|Any CPU
		{271CBD8A-3105-44DF-9E32-A25CF861D904}.Debug|Any CPU.Build.0 = Debug|Any CPU
		{271CBD8A-3105-44DF-9E32-A25CF861D904}.Release|Any CPU.ActiveCfg = Release|Any CPU
		{271CBD8A-3105-44DF-9E32-A25CF861D904}.Release|Any CPU.Build.0 = Release|Any CPU
	EndGlobalSection
	GlobalSection(SolutionProperties) = preSolution
		HideSolutionNode = FALSE
	EndGlobalSection
	GlobalSection(ExtensibilityGlobals) = postSolution
		SolutionGuid = {2F45606D-3D7A-437F-90D3-995A0C6201DB}
	EndGlobalSection
EndGlobal
